{
  "name": "ui",
  "version": "1.0.0",
  "lockfileVersion": 1,
  "requires": true,
  "dependencies": {
    "@fluentui/date-time-utilities": {
      "version": "8.0.1",
      "resolved": "https://registry.npmjs.org/@fluentui/date-time-utilities/-/date-time-utilities-8.0.1.tgz",
      "integrity": "sha512-s6yafxXMQlkXAVgANf7mjWqgd4YaqYXT1Vqv9Kf9vinNtQurBY7wiN/b0CjcDbzDqEzT5dM0NLMG3pg5L/8hpA==",
      "requires": {
        "@fluentui/set-version": "^8.0.1",
        "tslib": "^1.10.0"
      }
    },
    "@fluentui/dom-utilities": {
      "version": "2.0.1",
      "resolved": "https://registry.npmjs.org/@fluentui/dom-utilities/-/dom-utilities-2.0.1.tgz",
      "integrity": "sha512-gQZaUN2bUwT2pSSpWr2VaC0OHBzgLC4FXDtZneHnT2Z6RPOpPoTHXuVmVmOtZ1VdVn3OMd1uFh3bbMr1WvUrMQ==",
      "requires": {
        "@fluentui/set-version": "^8.0.1",
        "tslib": "^1.10.0"
      }
    },
    "@fluentui/font-icons-mdl2": {
      "version": "8.0.2",
      "resolved": "https://registry.npmjs.org/@fluentui/font-icons-mdl2/-/font-icons-mdl2-8.0.2.tgz",
      "integrity": "sha512-KiEKYJgMbRiWI2az04QY2o7icCkHwEWsGSFlpLvwCJNvMAw22o/Dnx6vnJM/F1aH90TvC16OILpGzwH1IH3o+Q==",
      "requires": {
        "@fluentui/set-version": "^8.0.1",
        "@fluentui/style-utilities": "^8.0.2",
        "tslib": "^1.10.0"
      }
    },
    "@fluentui/foundation-legacy": {
      "version": "8.0.2",
      "resolved": "https://registry.npmjs.org/@fluentui/foundation-legacy/-/foundation-legacy-8.0.2.tgz",
      "integrity": "sha512-NEE0cJBLQRJcUbrSABTquDjARXwu+I7hS6rMp25lYscjERIDaZRFDSKZHEOARnBuV4+dhYNu50+8LaRaSWJhgA==",
      "requires": {
        "@fluentui/merge-styles": "^8.0.2",
        "@fluentui/set-version": "^8.0.1",
        "@fluentui/style-utilities": "^8.0.2",
        "@fluentui/utilities": "^8.0.2",
        "tslib": "^1.10.0"
      }
    },
    "@fluentui/keyboard-key": {
      "version": "0.2.14",
      "resolved": "https://registry.npmjs.org/@fluentui/keyboard-key/-/keyboard-key-0.2.14.tgz",
      "integrity": "sha512-SMyoMFCPRNoDeHB5MMIi8W3loDxjXsSBeQfQaaKqmph7gVN48DCky6K/xBHHDJDeqJjcmEgwPTRP8qsuuLWnqw==",
      "requires": {
        "tslib": "^1.10.0"
      }
    },
    "@fluentui/merge-styles": {
      "version": "8.0.2",
      "resolved": "https://registry.npmjs.org/@fluentui/merge-styles/-/merge-styles-8.0.2.tgz",
      "integrity": "sha512-/YwC09kgitpI856r/OkPU5UoXRVmXGCZJt93WAdIi9kLG1kCgKyKAw/N7DjphYji2Wq2vbN6LDuVmbDImlYIvg==",
      "requires": {
        "@fluentui/set-version": "^8.0.1",
        "tslib": "^1.10.0"
      }
    },
    "@fluentui/react": {
      "version": "8.2.0",
      "resolved": "https://registry.npmjs.org/@fluentui/react/-/react-8.2.0.tgz",
      "integrity": "sha512-CLTEqDq445meNEFvwx343Jn2vv8Ga19U3MoPkOnGna5iAsHPc7bdUH00rT7wK7FrTtdorVyfMdvLb8J+GZThzw==",
      "requires": {
        "@fluentui/date-time-utilities": "^8.0.1",
        "@fluentui/font-icons-mdl2": "^8.0.2",
        "@fluentui/foundation-legacy": "^8.0.2",
        "@fluentui/merge-styles": "^8.0.2",
        "@fluentui/react-focus": "^8.0.2",
        "@fluentui/react-hooks": "^8.0.2",
        "@fluentui/react-shared-contexts": "^1.0.0-beta.10",
        "@fluentui/react-window-provider": "^2.0.1",
        "@fluentui/set-version": "^8.0.1",
        "@fluentui/style-utilities": "^8.0.2",
        "@fluentui/theme": "^2.0.2",
        "@fluentui/utilities": "^8.0.2",
        "@microsoft/load-themed-styles": "^1.10.26",
        "tslib": "^1.10.0"
      }
    },
    "@fluentui/react-focus": {
      "version": "8.0.2",
      "resolved": "https://registry.npmjs.org/@fluentui/react-focus/-/react-focus-8.0.2.tgz",
      "integrity": "sha512-ySv9TR6rE6awMroxs3PZ1N+j4BSmo6Ajw+ZtN7UNM3IpHdzNetiqN3f+4UF8NMDuKwVKSNDNxfNddRQ0CsLmYQ==",
      "requires": {
        "@fluentui/keyboard-key": "^0.2.14",
        "@fluentui/merge-styles": "^8.0.2",
        "@fluentui/set-version": "^8.0.1",
        "@fluentui/style-utilities": "^8.0.2",
        "@fluentui/utilities": "^8.0.2",
        "tslib": "^1.10.0"
      }
    },
    "@fluentui/react-hooks": {
      "version": "8.0.2",
      "resolved": "https://registry.npmjs.org/@fluentui/react-hooks/-/react-hooks-8.0.2.tgz",
      "integrity": "sha512-6/ES+AakKfISMMV7GCI+UEDxuL84Se89SKwcIqCrnq79r0dyu4husvwM2QRXeNvnHerTyARg+yN+6MOmzqyQEA==",
      "requires": {
        "@fluentui/react-window-provider": "^2.0.1",
        "@fluentui/set-version": "^8.0.1",
        "@fluentui/utilities": "^8.0.2",
        "tslib": "^1.10.0"
      }
    },
    "@fluentui/react-shared-contexts": {
      "version": "1.0.0-beta.10",
      "resolved": "https://registry.npmjs.org/@fluentui/react-shared-contexts/-/react-shared-contexts-1.0.0-beta.10.tgz",
      "integrity": "sha512-z9HScE3I4jQBbHG4Sel2JCjx0hxDKY6l8x6Qr6q4vuI3p5Hdz36z1z/9vWhHLxslvRNO7qL/GhlKh7noOiZuVQ==",
      "requires": {
        "@fluentui/set-version": "^8.0.1",
        "tslib": "^1.10.0"
      }
    },
    "@fluentui/react-window-provider": {
      "version": "2.0.1",
      "resolved": "https://registry.npmjs.org/@fluentui/react-window-provider/-/react-window-provider-2.0.1.tgz",
      "integrity": "sha512-EpTRWLWK2hY/eSHuHpRwtUlsHI1n7VZldUWlpP9+4zM//STh1xh0QGGPKVk4PAY/mYDB9LJaqRZk/NYDljoJQw==",
      "requires": {
        "@fluentui/set-version": "^8.0.1",
        "tslib": "^1.10.0"
      }
    },
    "@fluentui/set-version": {
      "version": "8.0.1",
      "resolved": "https://registry.npmjs.org/@fluentui/set-version/-/set-version-8.0.1.tgz",
      "integrity": "sha512-n7TKvoOJUl9jkZLwgAPraXRRgAGXEodUm7s2cyS3hS4BM5mUVTFKwhf7kDNHUC0VmOSTvQ3r1bBtRMwrMveqyQ==",
      "requires": {
        "tslib": "^1.10.0"
      }
    },
    "@fluentui/style-utilities": {
      "version": "8.0.2",
      "resolved": "https://registry.npmjs.org/@fluentui/style-utilities/-/style-utilities-8.0.2.tgz",
      "integrity": "sha512-W2ToHCALjK/+KKEbmWSkaRs7nI7UnxdOgMJD7GM6a1WmJrtdn4HZyrbhJKlXqSRZsklJbsRcvbVlvsJ1NVF+6A==",
      "requires": {
        "@fluentui/merge-styles": "^8.0.2",
        "@fluentui/set-version": "^8.0.1",
        "@fluentui/theme": "^2.0.2",
        "@fluentui/utilities": "^8.0.2",
        "@microsoft/load-themed-styles": "^1.10.26",
        "tslib": "^1.10.0"
      }
    },
    "@fluentui/theme": {
      "version": "2.0.2",
      "resolved": "https://registry.npmjs.org/@fluentui/theme/-/theme-2.0.2.tgz",
      "integrity": "sha512-r58/+Roq81HOsE2wvadsFNNFO4cOu2xTzRTFm83gOoZjSzOugFE4xyi+CrRJdNG5HUby1uixxtpLO8jjYAYoqw==",
      "requires": {
        "@fluentui/merge-styles": "^8.0.2",
        "@fluentui/set-version": "^8.0.1",
        "@fluentui/utilities": "^8.0.2",
        "tslib": "^1.10.0"
      }
    },
    "@fluentui/utilities": {
      "version": "8.0.2",
      "resolved": "https://registry.npmjs.org/@fluentui/utilities/-/utilities-8.0.2.tgz",
      "integrity": "sha512-DNe5XwKlJcq3GbD3ichF4MuVc8bLaWmWn+NETxoXnatJ3Wj8a1snn2/5JN2zmi9Zw4KjkWo/JYwlzkhJWNAuIA==",
      "requires": {
        "@fluentui/dom-utilities": "^2.0.1",
        "@fluentui/merge-styles": "^8.0.2",
        "@fluentui/set-version": "^8.0.1",
        "tslib": "^1.10.0"
      }
    },
    "@microsoft/load-themed-styles": {
      "version": "1.10.150",
      "resolved": "https://registry.npmjs.org/@microsoft/load-themed-styles/-/load-themed-styles-1.10.150.tgz",
      "integrity": "sha512-xtVUKzdZE4OsCFc1Gk1qY+4vuBkk1SmFfjKpa1K4SlxMMfANSawYEkNutbJACCELsRG5UFdkFIxN+VeCn7t56w=="
    },
    "@types/prop-types": {
      "version": "15.7.3",
      "resolved": "https://registry.npmjs.org/@types/prop-types/-/prop-types-15.7.3.tgz",
      "integrity": "sha512-KfRL3PuHmqQLOG+2tGpRO26Ctg+Cq1E01D2DMriKEATHgWLfeNDmq9e29Q9WIky0dQ3NPkd1mzYH8Lm936Z9qw=="
    },
    "@types/react": {
      "version": "17.0.2",
      "resolved": "https://registry.npmjs.org/@types/react/-/react-17.0.2.tgz",
      "integrity": "sha512-Xt40xQsrkdvjn1EyWe1Bc0dJLcil/9x2vAuW7ya+PuQip4UYUaXyhzWmAbwRsdMgwOFHpfp7/FFZebDU6Y8VHA==",
      "requires": {
        "@types/prop-types": "*",
        "csstype": "^3.0.2"
      }
    },
    "@types/react-dom": {
      "version": "17.0.1",
      "resolved": "https://registry.npmjs.org/@types/react-dom/-/react-dom-17.0.1.tgz",
      "integrity": "sha512-yIVyopxQb8IDZ7SOHeTovurFq+fXiPICa+GV3gp0Xedsl+MwQlMLKmvrnEjFbQxjliH5YVAEWFh975eVNmKj7Q==",
      "requires": {
        "@types/react": "*"
      }
    },
    "csstype": {
      "version": "3.0.7",
      "resolved": "https://registry.npmjs.org/csstype/-/csstype-3.0.7.tgz",
      "integrity": "sha512-KxnUB0ZMlnUWCsx2Z8MUsr6qV6ja1w9ArPErJaJaF8a5SOWoHLIszeCTKGRGRgtLgYrs1E8CHkNSP1VZTTPc9g=="
    },
    "function-bind": {
      "version": "1.1.1",
      "resolved": "https://registry.npmjs.org/function-bind/-/function-bind-1.1.1.tgz",
      "integrity": "sha512-yIovAzMX49sF8Yl58fSCWJ5svSLuaibPxXQJFLmBObTuCr0Mf1KiPopGM9NiFjiYBCbfaa2Fh6breQ6ANVTI0A==",
      "dev": true
    },
    "has": {
      "version": "1.0.3",
      "resolved": "https://registry.npmjs.org/has/-/has-1.0.3.tgz",
      "integrity": "sha512-f2dvO0VU6Oej7RkWJGrehjbzMAjFp5/VKPp5tTpWIV4JHHZK1/BxbFRtf/siA2SWTe09caDmVtYYzWEIbBS4zw==",
      "dev": true,
      "requires": {
        "function-bind": "^1.1.1"
      }
    },
    "is-core-module": {
      "version": "2.2.0",
      "resolved": "https://registry.npmjs.org/is-core-module/-/is-core-module-2.2.0.tgz",
      "integrity": "sha512-XRAfAdyyY5F5cOXn7hYQDqh2Xmii+DEfIcQGxK/uNwMHhIkPWO0g8msXcbzLe+MpGoR951MlqM/2iIlU4vKDdQ==",
      "dev": true,
      "requires": {
        "has": "^1.0.3"
      }
    },
    "js-tokens": {
      "version": "4.0.0",
      "resolved": "https://registry.npmjs.org/js-tokens/-/js-tokens-4.0.0.tgz",
      "integrity": "sha512-RdJUflcE3cUzKiMqQgsCu06FPu9UdIJO0beYbPhHN4k6apgJtifcoCtT9bcxOpYBtpD2kCM6Sbzg4CausW/PKQ=="
    },
    "loose-envify": {
      "version": "1.4.0",
      "resolved": "https://registry.npmjs.org/loose-envify/-/loose-envify-1.4.0.tgz",
      "integrity": "sha512-lyuxPGr/Wfhrlem2CL/UcnUc1zcqKAImBDzukY7Y5F/yQiNdko6+fRLevlw1HgMySw7f611UIY408EtxRSoK3Q==",
      "requires": {
        "js-tokens": "^3.0.0 || ^4.0.0"
      }
    },
    "module-concat": {
      "version": "2.3.0",
      "resolved": "https://registry.npmjs.org/module-concat/-/module-concat-2.3.0.tgz",
      "integrity": "sha512-njeesRBgzgqGj8CLRNiMUn8VVmD1r2tFJOBYbmFcaCkliDUwUi6fkkp8uB/wtaOTptUFLue7qSn0kAxGDfkhRw==",
      "dev": true,
      "requires": {
        "resolve": ">=1.2 <2"
      }
    },
    "object-assign": {
      "version": "4.1.1",
      "resolved": "https://registry.npmjs.org/object-assign/-/object-assign-4.1.1.tgz",
      "integrity": "sha1-IQmtx5ZYh8/AXLvUQsrIv7s2CGM="
    },
    "path-parse": {
      "version": "1.0.6",
      "resolved": "https://registry.npmjs.org/path-parse/-/path-parse-1.0.6.tgz",
      "integrity": "sha512-GSmOT2EbHrINBf9SR7CDELwlJ8AENk3Qn7OikK4nFYAu3Ote2+JYNVvkpAEQm3/TLNEJFD/xZJjzyxg3KBWOzw==",
      "dev": true
    },
    "react": {
      "version": "17.0.1",
      "resolved": "https://registry.npmjs.org/react/-/react-17.0.1.tgz",
      "integrity": "sha512-lG9c9UuMHdcAexXtigOZLX8exLWkW0Ku29qPRU8uhF2R9BN96dLCt0psvzPLlHc5OWkgymP3qwTRgbnw5BKx3w==",
      "requires": {
        "loose-envify": "^1.1.0",
        "object-assign": "^4.1.1"
      }
    },
    "react-dom": {
      "version": "17.0.1",
      "resolved": "https://registry.npmjs.org/react-dom/-/react-dom-17.0.1.tgz",
      "integrity": "sha512-6eV150oJZ9U2t9svnsspTMrWNyHc6chX0KzDeAOXftRa8bNeOKTTfCJ7KorIwenkHd2xqVTBTCZd79yk/lx/Ug==",
      "requires": {
        "loose-envify": "^1.1.0",
        "object-assign": "^4.1.1",
        "scheduler": "^0.20.1"
      }
    },
    "resolve": {
      "version": "1.20.0",
      "resolved": "https://registry.npmjs.org/resolve/-/resolve-1.20.0.tgz",
      "integrity": "sha512-wENBPt4ySzg4ybFQW2TT1zMQucPK95HSh/nq2CFTZVOGut2+pQvSsgtda4d26YrYcr067wjbmzOG8byDPBX63A==",
      "dev": true,
      "requires": {
        "is-core-module": "^2.2.0",
        "path-parse": "^1.0.6"
      }
    },
    "scheduler": {
      "version": "0.20.1",
      "resolved": "https://registry.npmjs.org/scheduler/-/scheduler-0.20.1.tgz",
      "integrity": "sha512-LKTe+2xNJBNxu/QhHvDR14wUXHRQbVY5ZOYpOGWRzhydZUqrLb2JBvLPY7cAqFmqrWuDED0Mjk7013SZiOz6Bw==",
      "requires": {
        "loose-envify": "^1.1.0",
        "object-assign": "^4.1.1"
      }
    },
    "tslib": {
      "version": "1.14.1",
      "resolved": "https://registry.npmjs.org/tslib/-/tslib-1.14.1.tgz",
      "integrity": "sha512-Xni35NKzjgMrwevysHTCArtLDpPvye8zV/0E4EyYn43P7/7qvQwPh9BGkHewbMulVntbigmcT7rdX3BNo9wRJg=="
    }
  }
}
